
Microsoft Visual Studio Solution File, Format Version 12.00
# Visual Studio Version 16
VisualStudioVersion = 16.0.29411.108
MinimumVisualStudioVersion = 10.0.40219.1
Project("{FAE04EC0-301F-11D3-BF4B-00C04F79EFBC}") = "PIII_Lab6", "PIII_Lab6\PIII_Lab6.csproj", "{2E7FEF9C-D9C8-479F-B321-7F01B1C9FE55}"
EndProject
Global
	GlobalSection(SolutionConfigurationPlatforms) = preSolution
		Debug|Any CPU = Debug|Any CPU
		Release|Any CPU = Release|Any CPU
	EndGlobalSection
	GlobalSection(ProjectConfigurationPlatforms) = postSolution
		{2E7FEF9C-D9C8-479F-B321-7F01B1C9FE55}.Debug|Any CPU.ActiveCfg = Debug|Any CPU
		{2E7FEF9C-D9C8-479F-B321-7F01B1C9FE55}.Debug|Any CPU.Build.0 = Debug|Any CPU
		{2E7FEF9C-D9C8-479F-B321-7F01B1C9FE55}.Release|Any CPU.ActiveCfg = Release|Any CPU
		{2E7FEF9C-D9C8-479F-B321-7F01B1C9FE55}.Release|Any CPU.Build.0 = Release|Any CPU
	EndGlobalSection
	GlobalSection(SolutionProperties) = preSolution
		HideSolutionNode = FALSE
	EndGlobalSection
	GlobalSection(ExtensibilityGlobals) = postSolution
		SolutionGuid = {AF6AFBF5-33F9-4E8F-BC8C-7463FF76E903}
	EndGlobalSection
EndGlobal
